
Microsoft Visual Studio Solution File, Format Version 12.00
# Visual Studio Version 17
VisualStudioVersion = 17.14.36705.20 d17.14
MinimumVisualStudioVersion = 10.0.40219.1
Project("{FAE04EC0-301F-11D3-BF4B-00C04F79EFBC}") = "HelloWorld", "HelloWorld\HelloWorld.csproj", "{2E67DC8C-710F-4F8D-9038-61D80C3C64CF}"
EndProject
Global
	GlobalSection(SolutionConfigurationPlatforms) = preSolution
		Debug|Any CPU = Debug|Any CPU
		Release|Any CPU = Release|Any CPU
	EndGlobalSection
	GlobalSection(ProjectConfigurationPlatforms) = postSolution
		{2E67DC8C-710F-4F8D-9038-61D80C3C64CF}.Debug|Any CPU.ActiveCfg = Debug|Any CPU
		{2E67DC8C-710F-4F8D-9038-61D80C3C64CF}.Debug|Any CPU.Build.0 = Debug|Any CPU
		{2E67DC8C-710F-4F8D-9038-61D80C3C64CF}.Release|Any CPU.ActiveCfg = Release|Any CPU
		{2E67DC8C-710F-4F8D-9038-61D80C3C64CF}.Release|Any CPU.Build.0 = Release|Any CPU
	EndGlobalSection
	GlobalSection(SolutionProperties) = preSolution
		HideSolutionNode = FALSE
	EndGlobalSection
	GlobalSection(ExtensibilityGlobals) = postSolution
		SolutionGuid = {B216285C-0DDD-4469-A949-3221976DB450}
	EndGlobalSection
EndGlobal
