
Microsoft Visual Studio Solution File, Format Version 12.00
# Visual Studio Version 17
VisualStudioVersion = 17.14.36705.20 d17.14
MinimumVisualStudioVersion = 10.0.40219.1
Project("{FAE04EC0-301F-11D3-BF4B-00C04F79EFBC}") = "02_Top-level statements", "02_Top-level statements\02_Top-level statements.csproj", "{38026D7C-B01B-4B81-AC42-6704D8D3D1DF}"
EndProject
Global
	GlobalSection(SolutionConfigurationPlatforms) = preSolution
		Debug|Any CPU = Debug|Any CPU
		Release|Any CPU = Release|Any CPU
	EndGlobalSection
	GlobalSection(ProjectConfigurationPlatforms) = postSolution
		{38026D7C-B01B-4B81-AC42-6704D8D3D1DF}.Debug|Any CPU.ActiveCfg = Debug|Any CPU
		{38026D7C-B01B-4B81-AC42-6704D8D3D1DF}.Debug|Any CPU.Build.0 = Debug|Any CPU
		{38026D7C-B01B-4B81-AC42-6704D8D3D1DF}.Release|Any CPU.ActiveCfg = Release|Any CPU
		{38026D7C-B01B-4B81-AC42-6704D8D3D1DF}.Release|Any CPU.Build.0 = Release|Any CPU
	EndGlobalSection
	GlobalSection(SolutionProperties) = preSolution
		HideSolutionNode = FALSE
	EndGlobalSection
	GlobalSection(ExtensibilityGlobals) = postSolution
		SolutionGuid = {EAF771AD-0930-46BE-BC4D-72CF6AE1171E}
	EndGlobalSection
EndGlobal
